
Microsoft Visual Studio Solution File, Format Version 12.00
# Visual Studio Version 17
VisualStudioVersion = 17.12.35527.113
MinimumVisualStudioVersion = 10.0.40219.1
Project("{FAE04EC0-301F-11D3-BF4B-00C04F79EFBC}") = "MyHomeWeb", "MyHomeWeb\MyHomeWeb\MyHomeWeb.csproj", "{F1A834A8-5E84-45CC-BB7D-6B9CDC5CCEB3}"
EndProject
Project("{FAE04EC0-301F-11D3-BF4B-00C04F79EFBC}") = "MyHomeWeb.Client", "MyHomeWeb\MyHomeWeb.Client\MyHomeWeb.Client.csproj", "{D0DF6578-3A1C-475E-B013-1001E909DAC0}"
EndProject
Project("{E53339B2-1760-4266-BCC7-CA923CBCF16C}") = "docker-compose", "docker-compose.dcproj", "{19E8BB70-CF61-4899-BBB5-CEC25ACBEBC1}"
EndProject
Global
	GlobalSection(SolutionConfigurationPlatforms) = preSolution
		Debug|Any CPU = Debug|Any CPU
		Release|Any CPU = Release|Any CPU
	EndGlobalSection
	GlobalSection(ProjectConfigurationPlatforms) = postSolution
		{F1A834A8-5E84-45CC-BB7D-6B9CDC5CCEB3}.Debug|Any CPU.ActiveCfg = Debug|Any CPU
		{F1A834A8-5E84-45CC-BB7D-6B9CDC5CCEB3}.Debug|Any CPU.Build.0 = Debug|Any CPU
		{F1A834A8-5E84-45CC-BB7D-6B9CDC5CCEB3}.Release|Any CPU.ActiveCfg = Release|Any CPU
		{F1A834A8-5E84-45CC-BB7D-6B9CDC5CCEB3}.Release|Any CPU.Build.0 = Release|Any CPU
		{D0DF6578-3A1C-475E-B013-1001E909DAC0}.Debug|Any CPU.ActiveCfg = Debug|Any CPU
		{D0DF6578-3A1C-475E-B013-1001E909DAC0}.Debug|Any CPU.Build.0 = Debug|Any CPU
		{D0DF6578-3A1C-475E-B013-1001E909DAC0}.Release|Any CPU.ActiveCfg = Release|Any CPU
		{D0DF6578-3A1C-475E-B013-1001E909DAC0}.Release|Any CPU.Build.0 = Release|Any CPU
		{19E8BB70-CF61-4899-BBB5-CEC25ACBEBC1}.Debug|Any CPU.ActiveCfg = Debug|Any CPU
		{19E8BB70-CF61-4899-BBB5-CEC25ACBEBC1}.Debug|Any CPU.Build.0 = Debug|Any CPU
		{19E8BB70-CF61-4899-BBB5-CEC25ACBEBC1}.Release|Any CPU.ActiveCfg = Release|Any CPU
		{19E8BB70-CF61-4899-BBB5-CEC25ACBEBC1}.Release|Any CPU.Build.0 = Release|Any CPU
	EndGlobalSection
	GlobalSection(SolutionProperties) = preSolution
		HideSolutionNode = FALSE
	EndGlobalSection
EndGlobal
